
Microsoft Visual Studio Solution File, Format Version 12.00
# Visual Studio Version 16
VisualStudioVersion = 16.0.32002.261
MinimumVisualStudioVersion = 10.0.40219.1
Project("{FAE04EC0-301F-11D3-BF4B-00C04F79EFBC}") = "WPFTutorial", "WPFTutorial.csproj", "{ACCFC056-AD5F-4C31-B979-A4D676BD53D5}"
EndProject
Global
	GlobalSection(SolutionConfigurationPlatforms) = preSolution
		Debug|Any CPU = Debug|Any CPU
		Release|Any CPU = Release|Any CPU
	EndGlobalSection
	GlobalSection(ProjectConfigurationPlatforms) = postSolution
		{ACCFC056-AD5F-4C31-B979-A4D676BD53D5}.Debug|Any CPU.ActiveCfg = Debug|Any CPU
		{ACCFC056-AD5F-4C31-B979-A4D676BD53D5}.Debug|Any CPU.Build.0 = Debug|Any CPU
		{ACCFC056-AD5F-4C31-B979-A4D676BD53D5}.Release|Any CPU.ActiveCfg = Release|Any CPU
		{ACCFC056-AD5F-4C31-B979-A4D676BD53D5}.Release|Any CPU.Build.0 = Release|Any CPU
	EndGlobalSection
	GlobalSection(SolutionProperties) = preSolution
		HideSolutionNode = FALSE
	EndGlobalSection
	GlobalSection(ExtensibilityGlobals) = postSolution
		SolutionGuid = {1649F375-BEEC-421D-B333-843DC7E55F1C}
	EndGlobalSection
EndGlobal
